// !$*UTF8*$!
{
	archiveVersion = 1;
	classes = {
	};
	objectVersion = 46;
	objects = {

/* Begin PBXBuildFile section */
		2FF2B1261ABAD7C900FC979F /* main.cpp in Sources */ = {isa = PBXBuildFile; fileRef = 2FF2B1251ABAD7C900FC979F /* main.cpp */; };
/* End PBXBuildFile section */

/* Begin PBXCopyFilesBuildPhase section */
		2FF2B1201ABAD7C900FC979F /* CopyFiles */ = {
			isa = PBXCopyFilesBuildPhase;
			buildActionMask = 2147483647;
			dstPath = /usr/share/man/man1/;
			dstSubfolderSpec = 0;
			files = (
			);
			runOnlyForDeploymentPostprocessing = 1;
		};
/* End PBXCopyFilesBuildPhase section */

/* Begin PBXFileReference section */
		2FF2B1221ABAD7C900FC979F /* Labo6 */ = {isa = PBXFileReference; explicitFileType = "compiled.mach-o.executable"; includeInIndex = 0; path = Labo6; sourceTree = BUILT_PRODUCTS_DIR; };
		2FF2B1251ABAD7C900FC979F /* main.cpp */ = {isa = PBXFileReference; lastKnownFileType = sourcecode.cpp.cpp; path = main.cpp; sourceTree = "<group>"; };
		2FF2B12C1ABAD80700FC979F /* binboom.h */ = {isa = PBXFileReference; explicitFileType = sourcecode.c.h; fileEncoding = 4; path = binboom.h; sourceTree = "<group>"; };
		2FF2B12D1ABAD90F00FC979F /* binboom_input.txt */ = {isa = PBXFileReference; fileEncoding = 4; lastKnownFileType = text; path = binboom_input.txt; sourceTree = "<group>"; };
/* End PBXFileReference section */

/* Begin PBXFrameworksBuildPhase section */
		2FF2B11F1ABAD7C900FC979F /* Frameworks */ = {
			isa = PBXFrameworksBuildPhase;
			buildActionMask = 2147483647;
			files = (
			);
			runOnlyForDeploymentPostprocessing = 0;
		};
/* End PBXFrameworksBuildPhase section */

/* Begin PBXGroup section */
		2FF2B1191ABAD7C900FC979F = {
			isa = PBXGroup;
			children = (
				2FF2B1241ABAD7C900FC979F /* Labo6 */,
				2FF2B1231ABAD7C900FC979F /* Products */,
			);
			sourceTree = "<group>";
		};
		2FF2B1231ABAD7C900FC979F /* Products */ = {
			isa = PBXGroup;
			children = (
				2FF2B1221ABAD7C900FC979F /* Labo6 */,
			);
			name = Products;
			sourceTree = "<group>";
		};
		2FF2B1241ABAD7C900FC979F /* Labo6 */ = {
			isa = PBXGroup;
			children = (
				2FF2B12D1ABAD90F00FC979F /* binboom_input.txt */,
				2FF2B12C1ABAD80700FC979F /* binboom.h */,
				2FF2B1251ABAD7C900FC979F /* main.cpp */,
			);
			path = Labo6;
			sourceTree = "<group>";
		};
/* End PBXGroup section */

/* Begin PBXNativeTarget section */
		2FF2B1211ABAD7C900FC979F /* Labo6 */ = {
			isa = PBXNativeTarget;
			buildConfigurationList = 2FF2B1291ABAD7C900FC979F /* Build configuration list for PBXNativeTarget "Labo6" */;
			buildPhases = (
				2FF2B11E1ABAD7C900FC979F /* Sources */,
				2FF2B11F1ABAD7C900FC979F /* Frameworks */,
				2FF2B1201ABAD7C900FC979F /* CopyFiles */,
			);
			buildRules = (
			);
			dependencies = (
			);
			name = Labo6;
			productName = Labo6;
			productReference = 2FF2B1221ABAD7C900FC979F /* Labo6 */;
			productType = "com.apple.product-type.tool";
		};
/* End PBXNativeTarget section */

/* Begin PBXProject section */
		2FF2B11A1ABAD7C900FC979F /* Project object */ = {
			isa = PBXProject;
			attributes = {
				LastUpgradeCheck = 0610;
				ORGANIZATIONNAME = trosseel;
				TargetAttributes = {
					2FF2B1211ABAD7C900FC979F = {
						CreatedOnToolsVersion = 6.1;
					};
				};
			};
			buildConfigurationList = 2FF2B11D1ABAD7C900FC979F /* Build configuration list for PBXProject "Labo6" */;
			compatibilityVersion = "Xcode 3.2";
			developmentRegion = English;
			hasScannedForEncodings = 0;
			knownRegions = (
				en,
			);
			mainGroup = 2FF2B1191ABAD7C900FC979F;
			productRefGroup = 2FF2B1231ABAD7C900FC979F /* Products */;
			projectDirPath = "";
			projectRoot = "";
			targets = (
				2FF2B1211ABAD7C900FC979F /* Labo6 */,
			);
		};
/* End PBXProject section */

/* Begin PBXSourcesBuildPhase section */
		2FF2B11E1ABAD7C900FC979F /* Sources */ = {
			isa = PBXSourcesBuildPhase;
			buildActionMask = 2147483647;
			files = (
				2FF2B1261ABAD7C900FC979F /* main.cpp in Sources */,
			);
			runOnlyForDeploymentPostprocessing = 0;
		};
/* End PBXSourcesBuildPhase section */

/* Begin XCBuildConfiguration section */
		2FF2B1271ABAD7C900FC979F /* Debug */ = {
			isa = XCBuildConfiguration;
			buildSettings = {
				ALWAYS_SEARCH_USER_PATHS = NO;
				CLANG_CXX_LANGUAGE_STANDARD = "gnu++0x";
				CLANG_CXX_LIBRARY = "libc++";
				CLANG_ENABLE_MODULES = YES;
				CLANG_ENABLE_OBJC_ARC = YES;
				CLANG_WARN_BOOL_CONVERSION = YES;
				CLANG_WARN_CONSTANT_CONVERSION = YES;
				CLANG_WARN_DIRECT_OBJC_ISA_USAGE = YES_ERROR;
				CLANG_WARN_EMPTY_BODY = YES;
				CLANG_WARN_ENUM_CONVERSION = YES;
				CLANG_WARN_INT_CONVERSION = YES;
				CLANG_WARN_OBJC_ROOT_CLASS = YES_ERROR;
				CLANG_WARN_UNREACHABLE_CODE = YES;
				CLANG_WARN__DUPLICATE_METHOD_MATCH = YES;
				COPY_PHASE_STRIP = NO;
				ENABLE_STRICT_OBJC_MSGSEND = YES;
				GCC_C_LANGUAGE_STANDARD = gnu99;
				GCC_DYNAMIC_NO_PIC = NO;
				GCC_OPTIMIZATION_LEVEL = 0;
				GCC_PREPROCESSOR_DEFINITIONS = (
					"DEBUG=1",
					"$(inherited)",
				);
				GCC_SYMBOLS_PRIVATE_EXTERN = NO;
				GCC_WARN_64_TO_32_BIT_CONVERSION = YES;
				GCC_WARN_ABOUT_RETURN_TYPE = YES_ERROR;
				GCC_WARN_UNDECLARED_SELECTOR = YES;
				GCC_WARN_UNINITIALIZED_AUTOS = YES_AGGRESSIVE;
				GCC_WARN_UNUSED_FUNCTION = YES;
				GCC_WARN_UNUSED_VARIABLE = YES;
				MACOSX_DEPLOYMENT_TARGET = 10.10;
				MTL_ENABLE_DEBUG_INFO = YES;
				ONLY_ACTIVE_ARCH = YES;
				SDKROOT = macosx;
			};
			name = Debug;
		};
		2FF2B1281ABAD7C900FC979F /* Release */ = {
			isa = XCBuildConfiguration;
			buildSettings = {
				ALWAYS_SEARCH_USER_PATHS = NO;
				CLANG_CXX_LANGUAGE_STANDARD = "gnu++0x";
				CLANG_CXX_LIBRARY = "libc++";
				CLANG_ENABLE_MODULES = YES;
				CLANG_ENABLE_OBJC_ARC = YES;
				CLANG_WARN_BOOL_CONVERSION = YES;
				CLANG_WARN_CONSTANT_CONVERSION = YES;
				CLANG_WARN_DIRECT_OBJC_ISA_USAGE = YES_ERROR;
				CLANG_WARN_EMPTY_BODY = YES;
				CLANG_WARN_ENUM_CONVERSION = YES;
				CLANG_WARN_INT_CONVERSION = YES;
				CLANG_WARN_OBJC_ROOT_CLASS = YES_ERROR;
				CLANG_WARN_UNREACHABLE_CODE = YES;
				CLANG_WARN__DUPLICATE_METHOD_MATCH = YES;
				COPY_PHASE_STRIP = YES;
				DEBUG_INFORMATION_FORMAT = "dwarf-with-dsym";
				ENABLE_NS_ASSERTIONS = NO;
				ENABLE_STRICT_OBJC_MSGSEND = YES;
				GCC_C_LANGUAGE_STANDARD = gnu99;
				GCC_WARN_64_TO_32_BIT_CONVERSION = YES;
				GCC_WARN_ABOUT_RETURN_TYPE = YES_ERROR;
				GCC_WARN_UNDECLARED_SELECTOR = YES;
				GCC_WARN_UNINITIALIZED_AUTOS = YES_AGGRESSIVE;
				GCC_WARN_UNUSED_FUNCTION = YES;
				GCC_WARN_UNUSED_VARIABLE = YES;
				MACOSX_DEPLOYMENT_TARGET = 10.10;
				MTL_ENABLE_DEBUG_INFO = NO;
				SDKROOT = macosx;
			};
			name = Release;
		};
		2FF2B12A1ABAD7C900FC979F /* Debug */ = {
			isa = XCBuildConfiguration;
			buildSettings = {
				PRODUCT_NAME = "$(TARGET_NAME)";
			};
			name = Debug;
		};
		2FF2B12B1ABAD7C900FC979F /* Release */ = {
			isa = XCBuildConfiguration;
			buildSettings = {
				PRODUCT_NAME = "$(TARGET_NAME)";
			};
			name = Release;
		};
/* End XCBuildConfiguration section */

/* Begin XCConfigurationList section */
		2FF2B11D1ABAD7C900FC979F /* Build configuration list for PBXProject "Labo6" */ = {
			isa = XCConfigurationList;
			buildConfigurations = (
				2FF2B1271ABAD7C900FC979F /* Debug */,
				2FF2B1281ABAD7C900FC979F /* Release */,
			);
			defaultConfigurationIsVisible = 0;
			defaultConfigurationName = Release;
		};
		2FF2B1291ABAD7C900FC979F /* Build configuration list for PBXNativeTarget "Labo6" */ = {
			isa = XCConfigurationList;
			buildConfigurations = (
				2FF2B12A1ABAD7C900FC979F /* Debug */,
				2FF2B12B1ABAD7C900FC979F /* Release */,
			);
			defaultConfigurationIsVisible = 0;
		};
/* End XCConfigurationList section */
	};
	rootObject = 2FF2B11A1ABAD7C900FC979F /* Project object */;
}
